
Microsoft Visual Studio Solution File, Format Version 12.00
# Visual Studio 2012
Project("{8BC9CEB8-8B4A-11D0-8D11-00A0C91BC942}") = "WarehouseManager", "WarehouseManager.vcxproj", "{95D34F9E-DF88-4C9D-BB82-06A4EDA03574}"
EndProject
Global
	GlobalSection(SolutionConfigurationPlatforms) = preSolution
		Debug|Win32 = Debug|Win32
		Release|Win32 = Release|Win32
	EndGlobalSection
	GlobalSection(ProjectConfigurationPlatforms) = postSolution
		{95D34F9E-DF88-4C9D-BB82-06A4EDA03574}.Debug|Win32.ActiveCfg = Debug|Win32
		{95D34F9E-DF88-4C9D-BB82-06A4EDA03574}.Debug|Win32.Build.0 = Debug|Win32
		{95D34F9E-DF88-4C9D-BB82-06A4EDA03574}.Release|Win32.ActiveCfg = Release|Win32
		{95D34F9E-DF88-4C9D-BB82-06A4EDA03574}.Release|Win32.Build.0 = Release|Win32
	EndGlobalSection
	GlobalSection(SolutionProperties) = preSolution
		HideSolutionNode = FALSE
	EndGlobalSection
EndGlobal
